
Microsoft Visual Studio Solution File, Format Version 12.00
# Visual Studio Version 18
VisualStudioVersion = 18.3.11206.111 d18.3
MinimumVisualStudioVersion = 10.0.40219.1
Project("{FAE04EC0-301F-11D3-BF4B-00C04F79EFBC}") = "ShareSmallBiz.Api", "api\ShareSmallBiz.Api.csproj", "{941C0748-8219-C352-2E86-4B3434D2E4D7}"
EndProject
Global
	GlobalSection(SolutionConfigurationPlatforms) = preSolution
		Debug|Any CPU = Debug|Any CPU
		Release|Any CPU = Release|Any CPU
	EndGlobalSection
	GlobalSection(ProjectConfigurationPlatforms) = postSolution
		{941C0748-8219-C352-2E86-4B3434D2E4D7}.Debug|Any CPU.ActiveCfg = Debug|Any CPU
		{941C0748-8219-C352-2E86-4B3434D2E4D7}.Debug|Any CPU.Build.0 = Debug|Any CPU
		{941C0748-8219-C352-2E86-4B3434D2E4D7}.Release|Any CPU.ActiveCfg = Release|Any CPU
		{941C0748-8219-C352-2E86-4B3434D2E4D7}.Release|Any CPU.Build.0 = Release|Any CPU
	EndGlobalSection
	GlobalSection(SolutionProperties) = preSolution
		HideSolutionNode = FALSE
	EndGlobalSection
	GlobalSection(ExtensibilityGlobals) = postSolution
		SolutionGuid = {B61D404C-B1E6-4A6F-B099-F3987D1A0C5E}
	EndGlobalSection
EndGlobal
